
Microsoft Visual Studio Solution File, Format Version 12.00
# Visual Studio Version 16
VisualStudioVersion = 16.0.32428.217
MinimumVisualStudioVersion = 10.0.40219.1
Project("{888888A0-9F3D-457C-B088-3A5042F75D52}") = "OCR-TTS", "OCR-TTS\OCR-TTS.pyproj", "{B9D3CB3F-CD8B-4375-81CA-2C26D06AAC28}"
EndProject
Global
	GlobalSection(SolutionConfigurationPlatforms) = preSolution
		Debug|Any CPU = Debug|Any CPU
		Release|Any CPU = Release|Any CPU
	EndGlobalSection
	GlobalSection(ProjectConfigurationPlatforms) = postSolution
		{B9D3CB3F-CD8B-4375-81CA-2C26D06AAC28}.Debug|Any CPU.ActiveCfg = Debug|Any CPU
		{B9D3CB3F-CD8B-4375-81CA-2C26D06AAC28}.Release|Any CPU.ActiveCfg = Release|Any CPU
	EndGlobalSection
	GlobalSection(SolutionProperties) = preSolution
		HideSolutionNode = FALSE
	EndGlobalSection
	GlobalSection(ExtensibilityGlobals) = postSolution
		SolutionGuid = {BB22A7B4-17FB-472C-94BE-A85AA86E8DA2}
	EndGlobalSection
EndGlobal
